
Microsoft Visual Studio Solution File, Format Version 12.00
# Visual Studio 14
VisualStudioVersion = 14.0.25420.1
MinimumVisualStudioVersion = 10.0.40219.1
Project("{FAE04EC0-301F-11D3-BF4B-00C04F79EFBC}") = "vatCal.Droid", "vatCal\vatCal.Droid\vatCal.Droid.csproj", "{EBA621FC-FF6D-432F-972E-5DEC2D462C13}"
EndProject
Project("{FAE04EC0-301F-11D3-BF4B-00C04F79EFBC}") = "vatCal.iOS", "vatCal\vatCal.iOS\vatCal.iOS.csproj", "{57A5533B-A8E5-41FD-BAC8-91EC1D6D3772}"
EndProject
Project("{FAE04EC0-301F-11D3-BF4B-00C04F79EFBC}") = "vatCal.WinPhone", "vatCal\vatCal.WinPhone\vatCal.WinPhone.csproj", "{DE3A07C5-CE0E-4CD3-88D2-09268002AD71}"
EndProject
Project("{FAE04EC0-301F-11D3-BF4B-00C04F79EFBC}") = "vatCal.Windows", "vatCal\vatCal.Windows\vatCal.Windows.csproj", "{1BDAB0FF-1D4E-4B12-A491-6293BD87521A}"
EndProject
Project("{FAE04EC0-301F-11D3-BF4B-00C04F79EFBC}") = "vatCal", "vatCal\vatCal\vatCal.csproj", "{1D017561-A3E7-4072-AEB9-152B9FF15779}"
EndProject
Global
	GlobalSection(SolutionConfigurationPlatforms) = preSolution
		Ad-Hoc|Any CPU = Ad-Hoc|Any CPU
		Ad-Hoc|ARM = Ad-Hoc|ARM
		Ad-Hoc|iPhone = Ad-Hoc|iPhone
		Ad-Hoc|iPhoneSimulator = Ad-Hoc|iPhoneSimulator
		Ad-Hoc|x64 = Ad-Hoc|x64
		Ad-Hoc|x86 = Ad-Hoc|x86
		AppStore|Any CPU = AppStore|Any CPU
		AppStore|ARM = AppStore|ARM
		AppStore|iPhone = AppStore|iPhone
		AppStore|iPhoneSimulator = AppStore|iPhoneSimulator
		AppStore|x64 = AppStore|x64
		AppStore|x86 = AppStore|x86
		Debug|Any CPU = Debug|Any CPU
		Debug|ARM = Debug|ARM
		Debug|iPhone = Debug|iPhone
		Debug|iPhoneSimulator = Debug|iPhoneSimulator
		Debug|x64 = Debug|x64
		Debug|x86 = Debug|x86
		Release|Any CPU = Release|Any CPU
		Release|ARM = Release|ARM
		Release|iPhone = Release|iPhone
		Release|iPhoneSimulator = Release|iPhoneSimulator
		Release|x64 = Release|x64
		Release|x86 = Release|x86
	EndGlobalSection
	GlobalSection(ProjectConfigurationPlatforms) = postSolution
		{EBA621FC-FF6D-432F-972E-5DEC2D462C13}.Ad-Hoc|Any CPU.ActiveCfg = Release|Any CPU
		{EBA621FC-FF6D-432F-972E-5DEC2D462C13}.Ad-Hoc|Any CPU.Build.0 = Release|Any CPU
		{EBA621FC-FF6D-432F-972E-5DEC2D462C13}.Ad-Hoc|Any CPU.Deploy.0 = Release|Any CPU
		{EBA621FC-FF6D-432F-972E-5DEC2D462C13}.Ad-Hoc|ARM.ActiveCfg = Release|Any CPU
		{EBA621FC-FF6D-432F-972E-5DEC2D462C13}.Ad-Hoc|ARM.Build.0 = Release|Any CPU
		{EBA621FC-FF6D-432F-972E-5DEC2D462C13}.Ad-Hoc|ARM.Deploy.0 = Release|Any CPU
		{EBA621FC-FF6D-432F-972E-5DEC2D462C13}.Ad-Hoc|iPhone.ActiveCfg = Release|Any CPU
		{EBA621FC-FF6D-432F-972E-5DEC2D462C13}.Ad-Hoc|iPhone.Build.0 = Release|Any CPU
		{EBA621FC-FF6D-432F-972E-5DEC2D462C13}.Ad-Hoc|iPhone.Deploy.0 = Release|Any CPU
		{EBA621FC-FF6D-432F-972E-5DEC2D462C13}.Ad-Hoc|iPhoneSimulator.ActiveCfg = Release|Any CPU
		{EBA621FC-FF6D-432F-972E-5DEC2D462C13}.Ad-Hoc|iPhoneSimulator.Build.0 = Release|Any CPU
		{EBA621FC-FF6D-432F-972E-5DEC2D462C13}.Ad-Hoc|iPhoneSimulator.Deploy.0 = Release|Any CPU
		{EBA621FC-FF6D-432F-972E-5DEC2D462C13}.Ad-Hoc|x64.ActiveCfg = Release|Any CPU
		{EBA621FC-FF6D-432F-972E-5DEC2D462C13}.Ad-Hoc|x64.Build.0 = Release|Any CPU
		{EBA621FC-FF6D-432F-972E-5DEC2D462C13}.Ad-Hoc|x64.Deploy.0 = Release|Any CPU
		{EBA621FC-FF6D-432F-972E-5DEC2D462C13}.Ad-Hoc|x86.ActiveCfg = Release|Any CPU
		{EBA621FC-FF6D-432F-972E-5DEC2D462C13}.Ad-Hoc|x86.Build.0 = Release|Any CPU
		{EBA621FC-FF6D-432F-972E-5DEC2D462C13}.Ad-Hoc|x86.Deploy.0 = Release|Any CPU
		{EBA621FC-FF6D-432F-972E-5DEC2D462C13}.AppStore|Any CPU.ActiveCfg = Release|Any CPU
		{EBA621FC-FF6D-432F-972E-5DEC2D462C13}.AppStore|Any CPU.Build.0 = Release|Any CPU
		{EBA621FC-FF6D-432F-972E-5DEC2D462C13}.AppStore|Any CPU.Deploy.0 = Release|Any CPU
		{EBA621FC-FF6D-432F-972E-5DEC2D462C13}.AppStore|ARM.ActiveCfg = Release|Any CPU
		{EBA621FC-FF6D-432F-972E-5DEC2D462C13}.AppStore|ARM.Build.0 = Release|Any CPU
		{EBA621FC-FF6D-432F-972E-5DEC2D462C13}.AppStore|ARM.Deploy.0 = Release|Any CPU
		{EBA621FC-FF6D-432F-972E-5DEC2D462C13}.AppStore|iPhone.ActiveCfg = Release|Any CPU
		{EBA621FC-FF6D-432F-972E-5DEC2D462C13}.AppStore|iPhone.Build.0 = Release|Any CPU
		{EBA621FC-FF6D-432F-972E-5DEC2D462C13}.AppStore|iPhone.Deploy.0 = Release|Any CPU
		{EBA621FC-FF6D-432F-972E-5DEC2D462C13}.AppStore|iPhoneSimulator.ActiveCfg = Release|Any CPU
		{EBA621FC-FF6D-432F-972E-5DEC2D462C13}.AppStore|iPhoneSimulator.Build.0 = Release|Any CPU
		{EBA621FC-FF6D-432F-972E-5DEC2D462C13}.AppStore|iPhoneSimulator.Deploy.0 = Release|Any CPU
		{EBA621FC-FF6D-432F-972E-5DEC2D462C13}.AppStore|x64.ActiveCfg = Release|Any CPU
		{EBA621FC-FF6D-432F-972E-5DEC2D462C13}.AppStore|x64.Build.0 = Release|Any CPU
		{EBA621FC-FF6D-432F-972E-5DEC2D462C13}.AppStore|x64.Deploy.0 = Release|Any CPU
		{EBA621FC-FF6D-432F-972E-5DEC2D462C13}.AppStore|x86.ActiveCfg = Release|Any CPU
		{EBA621FC-FF6D-432F-972E-5DEC2D462C13}.AppStore|x86.Build.0 = Release|Any CPU
		{EBA621FC-FF6D-432F-972E-5DEC2D462C13}.AppStore|x86.Deploy.0 = Release|Any CPU
		{EBA621FC-FF6D-432F-972E-5DEC2D462C13}.Debug|Any CPU.ActiveCfg = Debug|Any CPU
		{EBA621FC-FF6D-432F-972E-5DEC2D462C13}.Debug|Any CPU.Build.0 = Debug|Any CPU
		{EBA621FC-FF6D-432F-972E-5DEC2D462C13}.Debug|Any CPU.Deploy.0 = Debug|Any CPU
		{EBA621FC-FF6D-432F-972E-5DEC2D462C13}.Debug|ARM.ActiveCfg = Debug|Any CPU
		{EBA621FC-FF6D-432F-972E-5DEC2D462C13}.Debug|ARM.Build.0 = Debug|Any CPU
		{EBA621FC-FF6D-432F-972E-5DEC2D462C13}.Debug|ARM.Deploy.0 = Debug|Any CPU
		{EBA621FC-FF6D-432F-972E-5DEC2D462C13}.Debug|iPhone.ActiveCfg = Debug|Any CPU
		{EBA621FC-FF6D-432F-972E-5DEC2D462C13}.Debug|iPhone.Build.0 = Debug|Any CPU
		{EBA621FC-FF6D-432F-972E-5DEC2D462C13}.Debug|iPhone.Deploy.0 = Debug|Any CPU
		{EBA621FC-FF6D-432F-972E-5DEC2D462C13}.Debug|iPhoneSimulator.ActiveCfg = Debug|Any CPU
		{EBA621FC-FF6D-432F-972E-5DEC2D462C13}.Debug|iPhoneSimulator.Build.0 = Debug|Any CPU
		{EBA621FC-FF6D-432F-972E-5DEC2D462C13}.Debug|iPhoneSimulator.Deploy.0 = Debug|Any CPU
		{EBA621FC-FF6D-432F-972E-5DEC2D462C13}.Debug|x64.ActiveCfg = Debug|Any CPU
		{EBA621FC-FF6D-432F-972E-5DEC2D462C13}.Debug|x64.Build.0 = Debug|Any CPU
		{EBA621FC-FF6D-432F-972E-5DEC2D462C13}.Debug|x64.Deploy.0 = Debug|Any CPU
		{EBA621FC-FF6D-432F-972E-5DEC2D462C13}.Debug|x86.ActiveCfg = Debug|Any CPU
		{EBA621FC-FF6D-432F-972E-5DEC2D462C13}.Debug|x86.Build.0 = Debug|Any CPU
		{EBA621FC-FF6D-432F-972E-5DEC2D462C13}.Debug|x86.Deploy.0 = Debug|Any CPU
		{EBA621FC-FF6D-432F-972E-5DEC2D462C13}.Release|Any CPU.ActiveCfg = Release|Any CPU
		{EBA621FC-FF6D-432F-972E-5DEC2D462C13}.Release|Any CPU.Build.0 = Release|Any CPU
		{EBA621FC-FF6D-432F-972E-5DEC2D462C13}.Release|Any CPU.Deploy.0 = Release|Any CPU
		{EBA621FC-FF6D-432F-972E-5DEC2D462C13}.Release|ARM.ActiveCfg = Release|Any CPU
		{EBA621FC-FF6D-432F-972E-5DEC2D462C13}.Release|ARM.Build.0 = Release|Any CPU
		{EBA621FC-FF6D-432F-972E-5DEC2D462C13}.Release|ARM.Deploy.0 = Release|Any CPU
		{EBA621FC-FF6D-432F-972E-5DEC2D462C13}.Release|iPhone.ActiveCfg = Release|Any CPU
		{EBA621FC-FF6D-432F-972E-5DEC2D462C13}.Release|iPhone.Build.0 = Release|Any CPU
		{EBA621FC-FF6D-432F-972E-5DEC2D462C13}.Release|iPhone.Deploy.0 = Release|Any CPU
		{EBA621FC-FF6D-432F-972E-5DEC2D462C13}.Release|iPhoneSimulator.ActiveCfg = Release|Any CPU
		{EBA621FC-FF6D-432F-972E-5DEC2D462C13}.Release|iPhoneSimulator.Build.0 = Release|Any CPU
		{EBA621FC-FF6D-432F-972E-5DEC2D462C13}.Release|iPhoneSimulator.Deploy.0 = Release|Any CPU
		{EBA621FC-FF6D-432F-972E-5DEC2D462C13}.Release|x64.ActiveCfg = Release|Any CPU
		{EBA621FC-FF6D-432F-972E-5DEC2D462C13}.Release|x64.Build.0 = Release|Any CPU
		{EBA621FC-FF6D-432F-972E-5DEC2D462C13}.Release|x64.Deploy.0 = Release|Any CPU
		{EBA621FC-FF6D-432F-972E-5DEC2D462C13}.Release|x86.ActiveCfg = Release|Any CPU
		{EBA621FC-FF6D-432F-972E-5DEC2D462C13}.Release|x86.Build.0 = Release|Any CPU
		{EBA621FC-FF6D-432F-972E-5DEC2D462C13}.Release|x86.Deploy.0 = Release|Any CPU
		{57A5533B-A8E5-41FD-BAC8-91EC1D6D3772}.Ad-Hoc|Any CPU.ActiveCfg = Ad-Hoc|iPhone
		{57A5533B-A8E5-41FD-BAC8-91EC1D6D3772}.Ad-Hoc|ARM.ActiveCfg = Ad-Hoc|iPhone
		{57A5533B-A8E5-41FD-BAC8-91EC1D6D3772}.Ad-Hoc|iPhone.ActiveCfg = Ad-Hoc|iPhone
		{57A5533B-A8E5-41FD-BAC8-91EC1D6D3772}.Ad-Hoc|iPhone.Build.0 = Ad-Hoc|iPhone
		{57A5533B-A8E5-41FD-BAC8-91EC1D6D3772}.Ad-Hoc|iPhoneSimulator.ActiveCfg = Ad-Hoc|iPhoneSimulator
		{57A5533B-A8E5-41FD-BAC8-91EC1D6D3772}.Ad-Hoc|iPhoneSimulator.Build.0 = Ad-Hoc|iPhoneSimulator
		{57A5533B-A8E5-41FD-BAC8-91EC1D6D3772}.Ad-Hoc|x64.ActiveCfg = Ad-Hoc|iPhone
		{57A5533B-A8E5-41FD-BAC8-91EC1D6D3772}.Ad-Hoc|x86.ActiveCfg = Ad-Hoc|iPhone
		{57A5533B-A8E5-41FD-BAC8-91EC1D6D3772}.AppStore|Any CPU.ActiveCfg = AppStore|iPhone
		{57A5533B-A8E5-41FD-BAC8-91EC1D6D3772}.AppStore|ARM.ActiveCfg = AppStore|iPhone
		{57A5533B-A8E5-41FD-BAC8-91EC1D6D3772}.AppStore|iPhone.ActiveCfg = AppStore|iPhone
		{57A5533B-A8E5-41FD-BAC8-91EC1D6D3772}.AppStore|iPhone.Build.0 = AppStore|iPhone
		{57A5533B-A8E5-41FD-BAC8-91EC1D6D3772}.AppStore|iPhoneSimulator.ActiveCfg = AppStore|iPhoneSimulator
		{57A5533B-A8E5-41FD-BAC8-91EC1D6D3772}.AppStore|iPhoneSimulator.Build.0 = AppStore|iPhoneSimulator
		{57A5533B-A8E5-41FD-BAC8-91EC1D6D3772}.AppStore|x64.ActiveCfg = AppStore|iPhone
		{57A5533B-A8E5-41FD-BAC8-91EC1D6D3772}.AppStore|x86.ActiveCfg = AppStore|iPhone
		{57A5533B-A8E5-41FD-BAC8-91EC1D6D3772}.Debug|Any CPU.ActiveCfg = Debug|iPhone
		{57A5533B-A8E5-41FD-BAC8-91EC1D6D3772}.Debug|ARM.ActiveCfg = Debug|iPhone
		{57A5533B-A8E5-41FD-BAC8-91EC1D6D3772}.Debug|iPhone.ActiveCfg = Debug|iPhone
		{57A5533B-A8E5-41FD-BAC8-91EC1D6D3772}.Debug|iPhone.Build.0 = Debug|iPhone
		{57A5533B-A8E5-41FD-BAC8-91EC1D6D3772}.Debug|iPhoneSimulator.ActiveCfg = Debug|iPhoneSimulator
		{57A5533B-A8E5-41FD-BAC8-91EC1D6D3772}.Debug|iPhoneSimulator.Build.0 = Debug|iPhoneSimulator
		{57A5533B-A8E5-41FD-BAC8-91EC1D6D3772}.Debug|x64.ActiveCfg = Debug|iPhone
		{57A5533B-A8E5-41FD-BAC8-91EC1D6D3772}.Debug|x86.ActiveCfg = Debug|iPhone
		{57A5533B-A8E5-41FD-BAC8-91EC1D6D3772}.Release|Any CPU.ActiveCfg = Release|iPhone
		{57A5533B-A8E5-41FD-BAC8-91EC1D6D3772}.Release|ARM.ActiveCfg = Release|iPhone
		{57A5533B-A8E5-41FD-BAC8-91EC1D6D3772}.Release|iPhone.ActiveCfg = Release|iPhone
		{57A5533B-A8E5-41FD-BAC8-91EC1D6D3772}.Release|iPhone.Build.0 = Release|iPhone
		{57A5533B-A8E5-41FD-BAC8-91EC1D6D3772}.Release|iPhoneSimulator.ActiveCfg = Release|iPhoneSimulator
		{57A5533B-A8E5-41FD-BAC8-91EC1D6D3772}.Release|iPhoneSimulator.Build.0 = Release|iPhoneSimulator
		{57A5533B-A8E5-41FD-BAC8-91EC1D6D3772}.Release|x64.ActiveCfg = Release|iPhone
		{57A5533B-A8E5-41FD-BAC8-91EC1D6D3772}.Release|x86.ActiveCfg = Release|iPhone
		{DE3A07C5-CE0E-4CD3-88D2-09268002AD71}.Ad-Hoc|Any CPU.ActiveCfg = Release|Any CPU
		{DE3A07C5-CE0E-4CD3-88D2-09268002AD71}.Ad-Hoc|Any CPU.Build.0 = Release|Any CPU
		{DE3A07C5-CE0E-4CD3-88D2-09268002AD71}.Ad-Hoc|Any CPU.Deploy.0 = Release|Any CPU
		{DE3A07C5-CE0E-4CD3-88D2-09268002AD71}.Ad-Hoc|ARM.ActiveCfg = Release|ARM
		{DE3A07C5-CE0E-4CD3-88D2-09268002AD71}.Ad-Hoc|ARM.Build.0 = Release|ARM
		{DE3A07C5-CE0E-4CD3-88D2-09268002AD71}.Ad-Hoc|ARM.Deploy.0 = Release|ARM
		{DE3A07C5-CE0E-4CD3-88D2-09268002AD71}.Ad-Hoc|iPhone.ActiveCfg = Release|Any CPU
		{DE3A07C5-CE0E-4CD3-88D2-09268002AD71}.Ad-Hoc|iPhone.Build.0 = Release|Any CPU
		{DE3A07C5-CE0E-4CD3-88D2-09268002AD71}.Ad-Hoc|iPhone.Deploy.0 = Release|Any CPU
		{DE3A07C5-CE0E-4CD3-88D2-09268002AD71}.Ad-Hoc|iPhoneSimulator.ActiveCfg = Release|Any CPU
		{DE3A07C5-CE0E-4CD3-88D2-09268002AD71}.Ad-Hoc|iPhoneSimulator.Build.0 = Release|Any CPU
		{DE3A07C5-CE0E-4CD3-88D2-09268002AD71}.Ad-Hoc|iPhoneSimulator.Deploy.0 = Release|Any CPU
		{DE3A07C5-CE0E-4CD3-88D2-09268002AD71}.Ad-Hoc|x64.ActiveCfg = Release|Any CPU
		{DE3A07C5-CE0E-4CD3-88D2-09268002AD71}.Ad-Hoc|x64.Build.0 = Release|Any CPU
		{DE3A07C5-CE0E-4CD3-88D2-09268002AD71}.Ad-Hoc|x64.Deploy.0 = Release|Any CPU
		{DE3A07C5-CE0E-4CD3-88D2-09268002AD71}.Ad-Hoc|x86.ActiveCfg = Release|x86
		{DE3A07C5-CE0E-4CD3-88D2-09268002AD71}.Ad-Hoc|x86.Build.0 = Release|x86
		{DE3A07C5-CE0E-4CD3-88D2-09268002AD71}.Ad-Hoc|x86.Deploy.0 = Release|x86
		{DE3A07C5-CE0E-4CD3-88D2-09268002AD71}.AppStore|Any CPU.ActiveCfg = Release|Any CPU
		{DE3A07C5-CE0E-4CD3-88D2-09268002AD71}.AppStore|Any CPU.Build.0 = Release|Any CPU
		{DE3A07C5-CE0E-4CD3-88D2-09268002AD71}.AppStore|Any CPU.Deploy.0 = Release|Any CPU
		{DE3A07C5-CE0E-4CD3-88D2-09268002AD71}.AppStore|ARM.ActiveCfg = Release|ARM
		{DE3A07C5-CE0E-4CD3-88D2-09268002AD71}.AppStore|ARM.Build.0 = Release|ARM
		{DE3A07C5-CE0E-4CD3-88D2-09268002AD71}.AppStore|ARM.Deploy.0 = Release|ARM
		{DE3A07C5-CE0E-4CD3-88D2-09268002AD71}.AppStore|iPhone.ActiveCfg = Release|Any CPU
		{DE3A07C5-CE0E-4CD3-88D2-09268002AD71}.AppStore|iPhone.Build.0 = Release|Any CPU
		{DE3A07C5-CE0E-4CD3-88D2-09268002AD71}.AppStore|iPhone.Deploy.0 = Release|Any CPU
		{DE3A07C5-CE0E-4CD3-88D2-09268002AD71}.AppStore|iPhoneSimulator.ActiveCfg = Release|Any CPU
		{DE3A07C5-CE0E-4CD3-88D2-09268002AD71}.AppStore|iPhoneSimulator.Build.0 = Release|Any CPU
		{DE3A07C5-CE0E-4CD3-88D2-09268002AD71}.AppStore|iPhoneSimulator.Deploy.0 = Release|Any CPU
		{DE3A07C5-CE0E-4CD3-88D2-09268002AD71}.AppStore|x64.ActiveCfg = Release|Any CPU
		{DE3A07C5-CE0E-4CD3-88D2-09268002AD71}.AppStore|x64.Build.0 = Release|Any CPU
		{DE3A07C5-CE0E-4CD3-88D2-09268002AD71}.AppStore|x64.Deploy.0 = Release|Any CPU
		{DE3A07C5-CE0E-4CD3-88D2-09268002AD71}.AppStore|x86.ActiveCfg = Release|x86
		{DE3A07C5-CE0E-4CD3-88D2-09268002AD71}.AppStore|x86.Build.0 = Release|x86
		{DE3A07C5-CE0E-4CD3-88D2-09268002AD71}.AppStore|x86.Deploy.0 = Release|x86
		{DE3A07C5-CE0E-4CD3-88D2-09268002AD71}.Debug|Any CPU.ActiveCfg = Debug|Any CPU
		{DE3A07C5-CE0E-4CD3-88D2-09268002AD71}.Debug|Any CPU.Build.0 = Debug|Any CPU
		{DE3A07C5-CE0E-4CD3-88D2-09268002AD71}.Debug|Any CPU.Deploy.0 = Debug|Any CPU
		{DE3A07C5-CE0E-4CD3-88D2-09268002AD71}.Debug|ARM.ActiveCfg = Debug|ARM
		{DE3A07C5-CE0E-4CD3-88D2-09268002AD71}.Debug|ARM.Build.0 = Debug|ARM
		{DE3A07C5-CE0E-4CD3-88D2-09268002AD71}.Debug|ARM.Deploy.0 = Debug|ARM
		{DE3A07C5-CE0E-4CD3-88D2-09268002AD71}.Debug|iPhone.ActiveCfg = Debug|Any CPU
		{DE3A07C5-CE0E-4CD3-88D2-09268002AD71}.Debug|iPhone.Build.0 = Debug|Any CPU
		{DE3A07C5-CE0E-4CD3-88D2-09268002AD71}.Debug|iPhone.Deploy.0 = Debug|Any CPU
		{DE3A07C5-CE0E-4CD3-88D2-09268002AD71}.Debug|iPhoneSimulator.ActiveCfg = Debug|Any CPU
		{DE3A07C5-CE0E-4CD3-88D2-09268002AD71}.Debug|iPhoneSimulator.Build.0 = Debug|Any CPU
		{DE3A07C5-CE0E-4CD3-88D2-09268002AD71}.Debug|iPhoneSimulator.Deploy.0 = Debug|Any CPU
		{DE3A07C5-CE0E-4CD3-88D2-09268002AD71}.Debug|x64.ActiveCfg = Debug|Any CPU
		{DE3A07C5-CE0E-4CD3-88D2-09268002AD71}.Debug|x64.Build.0 = Debug|Any CPU
		{DE3A07C5-CE0E-4CD3-88D2-09268002AD71}.Debug|x64.Deploy.0 = Debug|Any CPU
		{DE3A07C5-CE0E-4CD3-88D2-09268002AD71}.Debug|x86.ActiveCfg = Debug|x86
		{DE3A07C5-CE0E-4CD3-88D2-09268002AD71}.Debug|x86.Build.0 = Debug|x86
		{DE3A07C5-CE0E-4CD3-88D2-09268002AD71}.Debug|x86.Deploy.0 = Debug|x86
		{DE3A07C5-CE0E-4CD3-88D2-09268002AD71}.Release|Any CPU.ActiveCfg = Release|Any CPU
		{DE3A07C5-CE0E-4CD3-88D2-09268002AD71}.Release|Any CPU.Build.0 = Release|Any CPU
		{DE3A07C5-CE0E-4CD3-88D2-09268002AD71}.Release|Any CPU.Deploy.0 = Release|Any CPU
		{DE3A07C5-CE0E-4CD3-88D2-09268002AD71}.Release|ARM.ActiveCfg = Release|ARM
		{DE3A07C5-CE0E-4CD3-88D2-09268002AD71}.Release|ARM.Build.0 = Release|ARM
		{DE3A07C5-CE0E-4CD3-88D2-09268002AD71}.Release|ARM.Deploy.0 = Release|ARM
		{DE3A07C5-CE0E-4CD3-88D2-09268002AD71}.Release|iPhone.ActiveCfg = Release|Any CPU
		{DE3A07C5-CE0E-4CD3-88D2-09268002AD71}.Release|iPhone.Build.0 = Release|Any CPU
		{DE3A07C5-CE0E-4CD3-88D2-09268002AD71}.Release|iPhone.Deploy.0 = Release|Any CPU
		{DE3A07C5-CE0E-4CD3-88D2-09268002AD71}.Release|iPhoneSimulator.ActiveCfg = Release|Any CPU
		{DE3A07C5-CE0E-4CD3-88D2-09268002AD71}.Release|iPhoneSimulator.Build.0 = Release|Any CPU
		{DE3A07C5-CE0E-4CD3-88D2-09268002AD71}.Release|iPhoneSimulator.Deploy.0 = Release|Any CPU
		{DE3A07C5-CE0E-4CD3-88D2-09268002AD71}.Release|x64.ActiveCfg = Release|Any CPU
		{DE3A07C5-CE0E-4CD3-88D2-09268002AD71}.Release|x64.Build.0 = Release|Any CPU
		{DE3A07C5-CE0E-4CD3-88D2-09268002AD71}.Release|x64.Deploy.0 = Release|Any CPU
		{DE3A07C5-CE0E-4CD3-88D2-09268002AD71}.Release|x86.ActiveCfg = Release|x86
		{DE3A07C5-CE0E-4CD3-88D2-09268002AD71}.Release|x86.Build.0 = Release|x86
		{DE3A07C5-CE0E-4CD3-88D2-09268002AD71}.Release|x86.Deploy.0 = Release|x86
		{1BDAB0FF-1D4E-4B12-A491-6293BD87521A}.Ad-Hoc|Any CPU.ActiveCfg = Release|Any CPU
		{1BDAB0FF-1D4E-4B12-A491-6293BD87521A}.Ad-Hoc|Any CPU.Build.0 = Release|Any CPU
		{1BDAB0FF-1D4E-4B12-A491-6293BD87521A}.Ad-Hoc|Any CPU.Deploy.0 = Release|Any CPU
		{1BDAB0FF-1D4E-4B12-A491-6293BD87521A}.Ad-Hoc|ARM.ActiveCfg = Release|ARM
		{1BDAB0FF-1D4E-4B12-A491-6293BD87521A}.Ad-Hoc|ARM.Build.0 = Release|ARM
		{1BDAB0FF-1D4E-4B12-A491-6293BD87521A}.Ad-Hoc|ARM.Deploy.0 = Release|ARM
		{1BDAB0FF-1D4E-4B12-A491-6293BD87521A}.Ad-Hoc|iPhone.ActiveCfg = Release|Any CPU
		{1BDAB0FF-1D4E-4B12-A491-6293BD87521A}.Ad-Hoc|iPhone.Build.0 = Release|Any CPU
		{1BDAB0FF-1D4E-4B12-A491-6293BD87521A}.Ad-Hoc|iPhone.Deploy.0 = Release|Any CPU
		{1BDAB0FF-1D4E-4B12-A491-6293BD87521A}.Ad-Hoc|iPhoneSimulator.ActiveCfg = Release|Any CPU
		{1BDAB0FF-1D4E-4B12-A491-6293BD87521A}.Ad-Hoc|iPhoneSimulator.Build.0 = Release|Any CPU
		{1BDAB0FF-1D4E-4B12-A491-6293BD87521A}.Ad-Hoc|iPhoneSimulator.Deploy.0 = Release|Any CPU
		{1BDAB0FF-1D4E-4B12-A491-6293BD87521A}.Ad-Hoc|x64.ActiveCfg = Release|x64
		{1BDAB0FF-1D4E-4B12-A491-6293BD87521A}.Ad-Hoc|x64.Build.0 = Release|x64
		{1BDAB0FF-1D4E-4B12-A491-6293BD87521A}.Ad-Hoc|x64.Deploy.0 = Release|x64
		{1BDAB0FF-1D4E-4B12-A491-6293BD87521A}.Ad-Hoc|x86.ActiveCfg = Release|x86
		{1BDAB0FF-1D4E-4B12-A491-6293BD87521A}.Ad-Hoc|x86.Build.0 = Release|x86
		{1BDAB0FF-1D4E-4B12-A491-6293BD87521A}.Ad-Hoc|x86.Deploy.0 = Release|x86
		{1BDAB0FF-1D4E-4B12-A491-6293BD87521A}.AppStore|Any CPU.ActiveCfg = Release|Any CPU
		{1BDAB0FF-1D4E-4B12-A491-6293BD87521A}.AppStore|Any CPU.Build.0 = Release|Any CPU
		{1BDAB0FF-1D4E-4B12-A491-6293BD87521A}.AppStore|Any CPU.Deploy.0 = Release|Any CPU
		{1BDAB0FF-1D4E-4B12-A491-6293BD87521A}.AppStore|ARM.ActiveCfg = Release|ARM
		{1BDAB0FF-1D4E-4B12-A491-6293BD87521A}.AppStore|ARM.Build.0 = Release|ARM
		{1BDAB0FF-1D4E-4B12-A491-6293BD87521A}.AppStore|ARM.Deploy.0 = Release|ARM
		{1BDAB0FF-1D4E-4B12-A491-6293BD87521A}.AppStore|iPhone.ActiveCfg = Release|Any CPU
		{1BDAB0FF-1D4E-4B12-A491-6293BD87521A}.AppStore|iPhone.Build.0 = Release|Any CPU
		{1BDAB0FF-1D4E-4B12-A491-6293BD87521A}.AppStore|iPhone.Deploy.0 = Release|Any CPU
		{1BDAB0FF-1D4E-4B12-A491-6293BD87521A}.AppStore|iPhoneSimulator.ActiveCfg = Release|Any CPU
		{1BDAB0FF-1D4E-4B12-A491-6293BD87521A}.AppStore|iPhoneSimulator.Build.0 = Release|Any CPU
		{1BDAB0FF-1D4E-4B12-A491-6293BD87521A}.AppStore|iPhoneSimulator.Deploy.0 = Release|Any CPU
		{1BDAB0FF-1D4E-4B12-A491-6293BD87521A}.AppStore|x64.ActiveCfg = Release|x64
		{1BDAB0FF-1D4E-4B12-A491-6293BD87521A}.AppStore|x64.Build.0 = Release|x64
		{1BDAB0FF-1D4E-4B12-A491-6293BD87521A}.AppStore|x64.Deploy.0 = Release|x64
		{1BDAB0FF-1D4E-4B12-A491-6293BD87521A}.AppStore|x86.ActiveCfg = Release|x86
		{1BDAB0FF-1D4E-4B12-A491-6293BD87521A}.AppStore|x86.Build.0 = Release|x86
		{1BDAB0FF-1D4E-4B12-A491-6293BD87521A}.AppStore|x86.Deploy.0 = Release|x86
		{1BDAB0FF-1D4E-4B12-A491-6293BD87521A}.Debug|Any CPU.ActiveCfg = Debug|Any CPU
		{1BDAB0FF-1D4E-4B12-A491-6293BD87521A}.Debug|Any CPU.Build.0 = Debug|Any CPU
		{1BDAB0FF-1D4E-4B12-A491-6293BD87521A}.Debug|Any CPU.Deploy.0 = Debug|Any CPU
		{1BDAB0FF-1D4E-4B12-A491-6293BD87521A}.Debug|ARM.ActiveCfg = Debug|ARM
		{1BDAB0FF-1D4E-4B12-A491-6293BD87521A}.Debug|ARM.Build.0 = Debug|ARM
		{1BDAB0FF-1D4E-4B12-A491-6293BD87521A}.Debug|ARM.Deploy.0 = Debug|ARM
		{1BDAB0FF-1D4E-4B12-A491-6293BD87521A}.Debug|iPhone.ActiveCfg = Debug|Any CPU
		{1BDAB0FF-1D4E-4B12-A491-6293BD87521A}.Debug|iPhone.Build.0 = Debug|Any CPU
		{1BDAB0FF-1D4E-4B12-A491-6293BD87521A}.Debug|iPhone.Deploy.0 = Debug|Any CPU
		{1BDAB0FF-1D4E-4B12-A491-6293BD87521A}.Debug|iPhoneSimulator.ActiveCfg = Debug|Any CPU
		{1BDAB0FF-1D4E-4B12-A491-6293BD87521A}.Debug|iPhoneSimulator.Build.0 = Debug|Any CPU
		{1BDAB0FF-1D4E-4B12-A491-6293BD87521A}.Debug|iPhoneSimulator.Deploy.0 = Debug|Any CPU
		{1BDAB0FF-1D4E-4B12-A491-6293BD87521A}.Debug|x64.ActiveCfg = Debug|x64
		{1BDAB0FF-1D4E-4B12-A491-6293BD87521A}.Debug|x64.Build.0 = Debug|x64
		{1BDAB0FF-1D4E-4B12-A491-6293BD87521A}.Debug|x64.Deploy.0 = Debug|x64
		{1BDAB0FF-1D4E-4B12-A491-6293BD87521A}.Debug|x86.ActiveCfg = Debug|x86
		{1BDAB0FF-1D4E-4B12-A491-6293BD87521A}.Debug|x86.Build.0 = Debug|x86
		{1BDAB0FF-1D4E-4B12-A491-6293BD87521A}.Debug|x86.Deploy.0 = Debug|x86
		{1BDAB0FF-1D4E-4B12-A491-6293BD87521A}.Release|Any CPU.ActiveCfg = Release|Any CPU
		{1BDAB0FF-1D4E-4B12-A491-6293BD87521A}.Release|Any CPU.Build.0 = Release|Any CPU
		{1BDAB0FF-1D4E-4B12-A491-6293BD87521A}.Release|Any CPU.Deploy.0 = Release|Any CPU
		{1BDAB0FF-1D4E-4B12-A491-6293BD87521A}.Release|ARM.ActiveCfg = Release|ARM
		{1BDAB0FF-1D4E-4B12-A491-6293BD87521A}.Release|ARM.Build.0 = Release|ARM
		{1BDAB0FF-1D4E-4B12-A491-6293BD87521A}.Release|ARM.Deploy.0 = Release|ARM
		{1BDAB0FF-1D4E-4B12-A491-6293BD87521A}.Release|iPhone.ActiveCfg = Release|Any CPU
		{1BDAB0FF-1D4E-4B12-A491-6293BD87521A}.Release|iPhone.Build.0 = Release|Any CPU
		{1BDAB0FF-1D4E-4B12-A491-6293BD87521A}.Release|iPhone.Deploy.0 = Release|Any CPU
		{1BDAB0FF-1D4E-4B12-A491-6293BD87521A}.Release|iPhoneSimulator.ActiveCfg = Release|Any CPU
		{1BDAB0FF-1D4E-4B12-A491-6293BD87521A}.Release|iPhoneSimulator.Build.0 = Release|Any CPU
		{1BDAB0FF-1D4E-4B12-A491-6293BD87521A}.Release|iPhoneSimulator.Deploy.0 = Release|Any CPU
		{1BDAB0FF-1D4E-4B12-A491-6293BD87521A}.Release|x64.ActiveCfg = Release|x64
		{1BDAB0FF-1D4E-4B12-A491-6293BD87521A}.Release|x64.Build.0 = Release|x64
		{1BDAB0FF-1D4E-4B12-A491-6293BD87521A}.Release|x64.Deploy.0 = Release|x64
		{1BDAB0FF-1D4E-4B12-A491-6293BD87521A}.Release|x86.ActiveCfg = Release|x86
		{1BDAB0FF-1D4E-4B12-A491-6293BD87521A}.Release|x86.Build.0 = Release|x86
		{1BDAB0FF-1D4E-4B12-A491-6293BD87521A}.Release|x86.Deploy.0 = Release|x86
		{1D017561-A3E7-4072-AEB9-152B9FF15779}.Ad-Hoc|Any CPU.ActiveCfg = Release|Any CPU
		{1D017561-A3E7-4072-AEB9-152B9FF15779}.Ad-Hoc|Any CPU.Build.0 = Release|Any CPU
		{1D017561-A3E7-4072-AEB9-152B9FF15779}.Ad-Hoc|ARM.ActiveCfg = Release|Any CPU
		{1D017561-A3E7-4072-AEB9-152B9FF15779}.Ad-Hoc|ARM.Build.0 = Release|Any CPU
		{1D017561-A3E7-4072-AEB9-152B9FF15779}.Ad-Hoc|iPhone.ActiveCfg = Release|Any CPU
		{1D017561-A3E7-4072-AEB9-152B9FF15779}.Ad-Hoc|iPhone.Build.0 = Release|Any CPU
		{1D017561-A3E7-4072-AEB9-152B9FF15779}.Ad-Hoc|iPhoneSimulator.ActiveCfg = Release|Any CPU
		{1D017561-A3E7-4072-AEB9-152B9FF15779}.Ad-Hoc|iPhoneSimulator.Build.0 = Release|Any CPU
		{1D017561-A3E7-4072-AEB9-152B9FF15779}.Ad-Hoc|x64.ActiveCfg = Release|Any CPU
		{1D017561-A3E7-4072-AEB9-152B9FF15779}.Ad-Hoc|x64.Build.0 = Release|Any CPU
		{1D017561-A3E7-4072-AEB9-152B9FF15779}.Ad-Hoc|x86.ActiveCfg = Release|Any CPU
		{1D017561-A3E7-4072-AEB9-152B9FF15779}.Ad-Hoc|x86.Build.0 = Release|Any CPU
		{1D017561-A3E7-4072-AEB9-152B9FF15779}.AppStore|Any CPU.ActiveCfg = Release|Any CPU
		{1D017561-A3E7-4072-AEB9-152B9FF15779}.AppStore|Any CPU.Build.0 = Release|Any CPU
		{1D017561-A3E7-4072-AEB9-152B9FF15779}.AppStore|ARM.ActiveCfg = Release|Any CPU
		{1D017561-A3E7-4072-AEB9-152B9FF15779}.AppStore|ARM.Build.0 = Release|Any CPU
		{1D017561-A3E7-4072-AEB9-152B9FF15779}.AppStore|iPhone.ActiveCfg = Release|Any CPU
		{1D017561-A3E7-4072-AEB9-152B9FF15779}.AppStore|iPhone.Build.0 = Release|Any CPU
		{1D017561-A3E7-4072-AEB9-152B9FF15779}.AppStore|iPhoneSimulator.ActiveCfg = Release|Any CPU
		{1D017561-A3E7-4072-AEB9-152B9FF15779}.AppStore|iPhoneSimulator.Build.0 = Release|Any CPU
		{1D017561-A3E7-4072-AEB9-152B9FF15779}.AppStore|x64.ActiveCfg = Release|Any CPU
		{1D017561-A3E7-4072-AEB9-152B9FF15779}.AppStore|x64.Build.0 = Release|Any CPU
		{1D017561-A3E7-4072-AEB9-152B9FF15779}.AppStore|x86.ActiveCfg = Release|Any CPU
		{1D017561-A3E7-4072-AEB9-152B9FF15779}.AppStore|x86.Build.0 = Release|Any CPU
		{1D017561-A3E7-4072-AEB9-152B9FF15779}.Debug|Any CPU.ActiveCfg = Debug|Any CPU
		{1D017561-A3E7-4072-AEB9-152B9FF15779}.Debug|Any CPU.Build.0 = Debug|Any CPU
		{1D017561-A3E7-4072-AEB9-152B9FF15779}.Debug|ARM.ActiveCfg = Debug|Any CPU
		{1D017561-A3E7-4072-AEB9-152B9FF15779}.Debug|ARM.Build.0 = Debug|Any CPU
		{1D017561-A3E7-4072-AEB9-152B9FF15779}.Debug|iPhone.ActiveCfg = Debug|Any CPU
		{1D017561-A3E7-4072-AEB9-152B9FF15779}.Debug|iPhone.Build.0 = Debug|Any CPU
		{1D017561-A3E7-4072-AEB9-152B9FF15779}.Debug|iPhoneSimulator.ActiveCfg = Debug|Any CPU
		{1D017561-A3E7-4072-AEB9-152B9FF15779}.Debug|iPhoneSimulator.Build.0 = Debug|Any CPU
		{1D017561-A3E7-4072-AEB9-152B9FF15779}.Debug|x64.ActiveCfg = Debug|Any CPU
		{1D017561-A3E7-4072-AEB9-152B9FF15779}.Debug|x64.Build.0 = Debug|Any CPU
		{1D017561-A3E7-4072-AEB9-152B9FF15779}.Debug|x86.ActiveCfg = Debug|Any CPU
		{1D017561-A3E7-4072-AEB9-152B9FF15779}.Debug|x86.Build.0 = Debug|Any CPU
		{1D017561-A3E7-4072-AEB9-152B9FF15779}.Release|Any CPU.ActiveCfg = Release|Any CPU
		{1D017561-A3E7-4072-AEB9-152B9FF15779}.Release|Any CPU.Build.0 = Release|Any CPU
		{1D017561-A3E7-4072-AEB9-152B9FF15779}.Release|ARM.ActiveCfg = Release|Any CPU
		{1D017561-A3E7-4072-AEB9-152B9FF15779}.Release|ARM.Build.0 = Release|Any CPU
		{1D017561-A3E7-4072-AEB9-152B9FF15779}.Release|iPhone.ActiveCfg = Release|Any CPU
		{1D017561-A3E7-4072-AEB9-152B9FF15779}.Release|iPhone.Build.0 = Release|Any CPU
		{1D017561-A3E7-4072-AEB9-152B9FF15779}.Release|iPhoneSimulator.ActiveCfg = Release|Any CPU
		{1D017561-A3E7-4072-AEB9-152B9FF15779}.Release|iPhoneSimulator.Build.0 = Release|Any CPU
		{1D017561-A3E7-4072-AEB9-152B9FF15779}.Release|x64.ActiveCfg = Release|Any CPU
		{1D017561-A3E7-4072-AEB9-152B9FF15779}.Release|x64.Build.0 = Release|Any CPU
		{1D017561-A3E7-4072-AEB9-152B9FF15779}.Release|x86.ActiveCfg = Release|Any CPU
		{1D017561-A3E7-4072-AEB9-152B9FF15779}.Release|x86.Build.0 = Release|Any CPU
	EndGlobalSection
	GlobalSection(SolutionProperties) = preSolution
		HideSolutionNode = FALSE
	EndGlobalSection
EndGlobal
